// !$*UTF8*$!
{
	archiveVersion = 1;
	classes = {
	};
	objectVersion = 48;
	objects = {

/* Begin PBXBuildFile section */
		4097DD0DAB84E2165F7DD6B9 /* Pods_MTG_Card_Price.framework in Frameworks */ = {isa = PBXBuildFile; fileRef = 468FFB87F8919183E71A89CB /* Pods_MTG_Card_Price.framework */; };
		4A17E9B720377F320076E129 /* Card.swift in Sources */ = {isa = PBXBuildFile; fileRef = 4A17E9B620377F320076E129 /* Card.swift */; };
		4AF046A32035E7CA0025513F /* AppDelegate.swift in Sources */ = {isa = PBXBuildFile; fileRef = 4AF046A22035E7CA0025513F /* AppDelegate.swift */; };
		4AF046A52035E7CA0025513F /* ViewController.swift in Sources */ = {isa = PBXBuildFile; fileRef = 4AF046A42035E7CA0025513F /* ViewController.swift */; };
		4AF046A72035E7CA0025513F /* Assets.xcassets in Resources */ = {isa = PBXBuildFile; fileRef = 4AF046A62035E7CA0025513F /* Assets.xcassets */; };
		4AF046AA2035E7CA0025513F /* Main.storyboard in Resources */ = {isa = PBXBuildFile; fileRef = 4AF046A82035E7CA0025513F /* Main.storyboard */; };
		4AF046B62035E7CA0025513F /* MTG_Card_PriceTests.swift in Sources */ = {isa = PBXBuildFile; fileRef = 4AF046B52035E7CA0025513F /* MTG_Card_PriceTests.swift */; };
		4AF046C12035E8370025513F /* APIManager.swift in Sources */ = {isa = PBXBuildFile; fileRef = 4AF046C02035E8370025513F /* APIManager.swift */; };
		79ACD4CC5F0CFED42FCDCFD1 /* Pods_MTG_Card_PriceTests.framework in Frameworks */ = {isa = PBXBuildFile; fileRef = C13598053934F1D844562854 /* Pods_MTG_Card_PriceTests.framework */; };
		84BF08852042A28B008A0622 /* Error.swift in Sources */ = {isa = PBXBuildFile; fileRef = 84BF08842042A28B008A0622 /* Error.swift */; };
/* End PBXBuildFile section */

/* Begin PBXContainerItemProxy section */
		4AF046B22035E7CA0025513F /* PBXContainerItemProxy */ = {
			isa = PBXContainerItemProxy;
			containerPortal = 4AF046972035E7CA0025513F /* Project object */;
			proxyType = 1;
			remoteGlobalIDString = 4AF0469E2035E7CA0025513F;
			remoteInfo = "MTG Card Price";
		};
/* End PBXContainerItemProxy section */

/* Begin PBXFileReference section */
		1F273D5C2530611372FDBD73 /* Pods-MTG Card Price.release.xcconfig */ = {isa = PBXFileReference; includeInIndex = 1; lastKnownFileType = text.xcconfig; name = "Pods-MTG Card Price.release.xcconfig"; path = "Pods/Target Support Files/Pods-MTG Card Price/Pods-MTG Card Price.release.xcconfig"; sourceTree = "<group>"; };
		3DC98BC6CAAE05E622FE8397 /* Pods-MTG Card Price.debug.xcconfig */ = {isa = PBXFileReference; includeInIndex = 1; lastKnownFileType = text.xcconfig; name = "Pods-MTG Card Price.debug.xcconfig"; path = "Pods/Target Support Files/Pods-MTG Card Price/Pods-MTG Card Price.debug.xcconfig"; sourceTree = "<group>"; };
		435337F313C4D12FE3ED2FDA /* Pods-MTG Card PriceTests.debug.xcconfig */ = {isa = PBXFileReference; includeInIndex = 1; lastKnownFileType = text.xcconfig; name = "Pods-MTG Card PriceTests.debug.xcconfig"; path = "Pods/Target Support Files/Pods-MTG Card PriceTests/Pods-MTG Card PriceTests.debug.xcconfig"; sourceTree = "<group>"; };
		468FFB87F8919183E71A89CB /* Pods_MTG_Card_Price.framework */ = {isa = PBXFileReference; explicitFileType = wrapper.framework; includeInIndex = 0; path = Pods_MTG_Card_Price.framework; sourceTree = BUILT_PRODUCTS_DIR; };
		4A17E9B620377F320076E129 /* Card.swift */ = {isa = PBXFileReference; lastKnownFileType = sourcecode.swift; path = Card.swift; sourceTree = "<group>"; };
		4AF0469F2035E7CA0025513F /* MTG Card Price.app */ = {isa = PBXFileReference; explicitFileType = wrapper.application; includeInIndex = 0; path = "MTG Card Price.app"; sourceTree = BUILT_PRODUCTS_DIR; };
		4AF046A22035E7CA0025513F /* AppDelegate.swift */ = {isa = PBXFileReference; lastKnownFileType = sourcecode.swift; path = AppDelegate.swift; sourceTree = "<group>"; };
		4AF046A42035E7CA0025513F /* ViewController.swift */ = {isa = PBXFileReference; lastKnownFileType = sourcecode.swift; path = ViewController.swift; sourceTree = "<group>"; };
		4AF046A62035E7CA0025513F /* Assets.xcassets */ = {isa = PBXFileReference; lastKnownFileType = folder.assetcatalog; path = Assets.xcassets; sourceTree = "<group>"; };
		4AF046A92035E7CA0025513F /* Base */ = {isa = PBXFileReference; lastKnownFileType = file.storyboard; name = Base; path = Base.lproj/Main.storyboard; sourceTree = "<group>"; };
		4AF046AB2035E7CA0025513F /* Info.plist */ = {isa = PBXFileReference; lastKnownFileType = text.plist.xml; path = Info.plist; sourceTree = "<group>"; };
		4AF046AC2035E7CA0025513F /* MTG_Card_Price.entitlements */ = {isa = PBXFileReference; lastKnownFileType = text.plist.entitlements; path = MTG_Card_Price.entitlements; sourceTree = "<group>"; };
		4AF046B12035E7CA0025513F /* MTG Card PriceTests.xctest */ = {isa = PBXFileReference; explicitFileType = wrapper.cfbundle; includeInIndex = 0; path = "MTG Card PriceTests.xctest"; sourceTree = BUILT_PRODUCTS_DIR; };
		4AF046B52035E7CA0025513F /* MTG_Card_PriceTests.swift */ = {isa = PBXFileReference; lastKnownFileType = sourcecode.swift; path = MTG_Card_PriceTests.swift; sourceTree = "<group>"; };
		4AF046B72035E7CA0025513F /* Info.plist */ = {isa = PBXFileReference; lastKnownFileType = text.plist.xml; path = Info.plist; sourceTree = "<group>"; };
		4AF046C02035E8370025513F /* APIManager.swift */ = {isa = PBXFileReference; lastKnownFileType = sourcecode.swift; path = APIManager.swift; sourceTree = "<group>"; };
		4AF046C22035EAF20025513F /* MTG Card Price.entitlements */ = {isa = PBXFileReference; lastKnownFileType = text.plist.entitlements; path = "MTG Card Price.entitlements"; sourceTree = "<group>"; };
		84BF08842042A28B008A0622 /* Error.swift */ = {isa = PBXFileReference; lastKnownFileType = sourcecode.swift; path = Error.swift; sourceTree = "<group>"; };
		B407E03B896BF5BFC4663183 /* Pods-MTG Card PriceTests.release.xcconfig */ = {isa = PBXFileReference; includeInIndex = 1; lastKnownFileType = text.xcconfig; name = "Pods-MTG Card PriceTests.release.xcconfig"; path = "Pods/Target Support Files/Pods-MTG Card PriceTests/Pods-MTG Card PriceTests.release.xcconfig"; sourceTree = "<group>"; };
		C13598053934F1D844562854 /* Pods_MTG_Card_PriceTests.framework */ = {isa = PBXFileReference; explicitFileType = wrapper.framework; includeInIndex = 0; path = Pods_MTG_Card_PriceTests.framework; sourceTree = BUILT_PRODUCTS_DIR; };
/* End PBXFileReference section */

/* Begin PBXFrameworksBuildPhase section */
		4AF0469C2035E7CA0025513F /* Frameworks */ = {
			isa = PBXFrameworksBuildPhase;
			buildActionMask = 2147483647;
			files = (
				4097DD0DAB84E2165F7DD6B9 /* Pods_MTG_Card_Price.framework in Frameworks */,
			);
			runOnlyForDeploymentPostprocessing = 0;
		};
		4AF046AE2035E7CA0025513F /* Frameworks */ = {
			isa = PBXFrameworksBuildPhase;
			buildActionMask = 2147483647;
			files = (
				79ACD4CC5F0CFED42FCDCFD1 /* Pods_MTG_Card_PriceTests.framework in Frameworks */,
			);
			runOnlyForDeploymentPostprocessing = 0;
		};
/* End PBXFrameworksBuildPhase section */

/* Begin PBXGroup section */
		4A17E9B020377B890076E129 /* Controller */ = {
			isa = PBXGroup;
			children = (
				4AF046A42035E7CA0025513F /* ViewController.swift */,
			);
			path = Controller;
			sourceTree = "<group>";
		};
		4A17E9B120377B990076E129 /* Model */ = {
			isa = PBXGroup;
			children = (
				4A17E9B620377F320076E129 /* Card.swift */,
			);
			path = Model;
			sourceTree = "<group>";
		};
		4A17E9B420377BB30076E129 /* Services\Managers */ = {
			isa = PBXGroup;
			children = (
				4AF046C02035E8370025513F /* APIManager.swift */,
			);
			path = "Services\\Managers";
			sourceTree = "<group>";
		};
		4A17E9B520377BC40076E129 /* Supporting Files */ = {
			isa = PBXGroup;
			children = (
				4AF046A82035E7CA0025513F /* Main.storyboard */,
				4AF046C22035EAF20025513F /* MTG Card Price.entitlements */,
				4AF046A62035E7CA0025513F /* Assets.xcassets */,
				4AF046AB2035E7CA0025513F /* Info.plist */,
				4AF046AC2035E7CA0025513F /* MTG_Card_Price.entitlements */,
			);
			path = "Supporting Files";
			sourceTree = "<group>";
		};
		4AF046962035E7CA0025513F = {
			isa = PBXGroup;
			children = (
				4AF046A12035E7CA0025513F /* MTG Card Price */,
				4AF046B42035E7CA0025513F /* MTG Card PriceTests */,
				4AF046A02035E7CA0025513F /* Products */,
				556706C497FFB7451D20F60B /* Pods */,
				B68DB13E0981C6A161B4EDCD /* Frameworks */,
			);
			sourceTree = "<group>";
		};
		4AF046A02035E7CA0025513F /* Products */ = {
			isa = PBXGroup;
			children = (
				4AF0469F2035E7CA0025513F /* MTG Card Price.app */,
				4AF046B12035E7CA0025513F /* MTG Card PriceTests.xctest */,
			);
			name = Products;
			sourceTree = "<group>";
		};
		4AF046A12035E7CA0025513F /* MTG Card Price */ = {
			isa = PBXGroup;
			children = (
				4AF046A22035E7CA0025513F /* AppDelegate.swift */,
				4A17E9B420377BB30076E129 /* Services\Managers */,
				4A17E9B120377B990076E129 /* Model */,
				4A17E9B020377B890076E129 /* Controller */,
				84BF08832042A273008A0622 /* Other classes */,
				4A17E9B520377BC40076E129 /* Supporting Files */,
			);
			path = "MTG Card Price";
			sourceTree = "<group>";
		};
		4AF046B42035E7CA0025513F /* MTG Card PriceTests */ = {
			isa = PBXGroup;
			children = (
				4AF046B52035E7CA0025513F /* MTG_Card_PriceTests.swift */,
				4AF046B72035E7CA0025513F /* Info.plist */,
			);
			path = "MTG Card PriceTests";
			sourceTree = "<group>";
		};
		556706C497FFB7451D20F60B /* Pods */ = {
			isa = PBXGroup;
			children = (
				3DC98BC6CAAE05E622FE8397 /* Pods-MTG Card Price.debug.xcconfig */,
				1F273D5C2530611372FDBD73 /* Pods-MTG Card Price.release.xcconfig */,
				435337F313C4D12FE3ED2FDA /* Pods-MTG Card PriceTests.debug.xcconfig */,
				B407E03B896BF5BFC4663183 /* Pods-MTG Card PriceTests.release.xcconfig */,
			);
			name = Pods;
			sourceTree = "<group>";
		};
		84BF08832042A273008A0622 /* Other classes */ = {
			isa = PBXGroup;
			children = (
				84BF08842042A28B008A0622 /* Error.swift */,
			);
			path = "Other classes";
			sourceTree = "<group>";
		};
		B68DB13E0981C6A161B4EDCD /* Frameworks */ = {
			isa = PBXGroup;
			children = (
				468FFB87F8919183E71A89CB /* Pods_MTG_Card_Price.framework */,
				C13598053934F1D844562854 /* Pods_MTG_Card_PriceTests.framework */,
			);
			name = Frameworks;
			sourceTree = "<group>";
		};
/* End PBXGroup section */

/* Begin PBXNativeTarget section */
		4AF0469E2035E7CA0025513F /* MTG Card Price */ = {
			isa = PBXNativeTarget;
			buildConfigurationList = 4AF046BA2035E7CA0025513F /* Build configuration list for PBXNativeTarget "MTG Card Price" */;
			buildPhases = (
				4346759A2AA83E51ACA6AD4E /* [CP] Check Pods Manifest.lock */,
				4AF0469B2035E7CA0025513F /* Sources */,
				4AF0469C2035E7CA0025513F /* Frameworks */,
				4AF0469D2035E7CA0025513F /* Resources */,
				DDCE5164287A3EEDB4B7D46F /* [CP] Embed Pods Frameworks */,
				A2F873CB30094508767D4A18 /* [CP] Copy Pods Resources */,
			);
			buildRules = (
			);
			dependencies = (
			);
			name = "MTG Card Price";
			productName = "MTG Card Price";
			productReference = 4AF0469F2035E7CA0025513F /* MTG Card Price.app */;
			productType = "com.apple.product-type.application";
		};
		4AF046B02035E7CA0025513F /* MTG Card PriceTests */ = {
			isa = PBXNativeTarget;
			buildConfigurationList = 4AF046BD2035E7CA0025513F /* Build configuration list for PBXNativeTarget "MTG Card PriceTests" */;
			buildPhases = (
				E016821BE9879175152F54AB /* [CP] Check Pods Manifest.lock */,
				4AF046AD2035E7CA0025513F /* Sources */,
				4AF046AE2035E7CA0025513F /* Frameworks */,
				4AF046AF2035E7CA0025513F /* Resources */,
				C6AC18F6576B4254760328EC /* [CP] Embed Pods Frameworks */,
				0043D5EA036C89FFF855AC1E /* [CP] Copy Pods Resources */,
			);
			buildRules = (
			);
			dependencies = (
				4AF046B32035E7CA0025513F /* PBXTargetDependency */,
			);
			name = "MTG Card PriceTests";
			productName = "MTG Card PriceTests";
			productReference = 4AF046B12035E7CA0025513F /* MTG Card PriceTests.xctest */;
			productType = "com.apple.product-type.bundle.unit-test";
		};
/* End PBXNativeTarget section */

/* Begin PBXProject section */
		4AF046972035E7CA0025513F /* Project object */ = {
			isa = PBXProject;
			attributes = {
				LastSwiftUpdateCheck = 0920;
				LastUpgradeCheck = 0920;
				ORGANIZATIONNAME = roudique;
				TargetAttributes = {
					4AF0469E2035E7CA0025513F = {
						CreatedOnToolsVersion = 9.2;
						ProvisioningStyle = Automatic;
					};
					4AF046B02035E7CA0025513F = {
						CreatedOnToolsVersion = 9.2;
						ProvisioningStyle = Automatic;
						TestTargetID = 4AF0469E2035E7CA0025513F;
					};
				};
			};
			buildConfigurationList = 4AF0469A2035E7CA0025513F /* Build configuration list for PBXProject "MTG Card Price" */;
			compatibilityVersion = "Xcode 8.0";
			developmentRegion = en;
			hasScannedForEncodings = 0;
			knownRegions = (
				en,
				Base,
			);
			mainGroup = 4AF046962035E7CA0025513F;
			productRefGroup = 4AF046A02035E7CA0025513F /* Products */;
			projectDirPath = "";
			projectRoot = "";
			targets = (
				4AF0469E2035E7CA0025513F /* MTG Card Price */,
				4AF046B02035E7CA0025513F /* MTG Card PriceTests */,
			);
		};
/* End PBXProject section */

/* Begin PBXResourcesBuildPhase section */
		4AF0469D2035E7CA0025513F /* Resources */ = {
			isa = PBXResourcesBuildPhase;
			buildActionMask = 2147483647;
			files = (
				4AF046A72035E7CA0025513F /* Assets.xcassets in Resources */,
				4AF046AA2035E7CA0025513F /* Main.storyboard in Resources */,
			);
			runOnlyForDeploymentPostprocessing = 0;
		};
		4AF046AF2035E7CA0025513F /* Resources */ = {
			isa = PBXResourcesBuildPhase;
			buildActionMask = 2147483647;
			files = (
			);
			runOnlyForDeploymentPostprocessing = 0;
		};
/* End PBXResourcesBuildPhase section */

/* Begin PBXShellScriptBuildPhase section */
		0043D5EA036C89FFF855AC1E /* [CP] Copy Pods Resources */ = {
			isa = PBXShellScriptBuildPhase;
			buildActionMask = 2147483647;
			files = (
			);
			inputPaths = (
			);
			name = "[CP] Copy Pods Resources";
			outputPaths = (
			);
			runOnlyForDeploymentPostprocessing = 0;
			shellPath = /bin/sh;
			shellScript = "\"${SRCROOT}/Pods/Target Support Files/Pods-MTG Card PriceTests/Pods-MTG Card PriceTests-resources.sh\"\n";
			showEnvVarsInLog = 0;
		};
		4346759A2AA83E51ACA6AD4E /* [CP] Check Pods Manifest.lock */ = {
			isa = PBXShellScriptBuildPhase;
			buildActionMask = 2147483647;
			files = (
			);
			inputPaths = (
				"${PODS_PODFILE_DIR_PATH}/Podfile.lock",
				"${PODS_ROOT}/Manifest.lock",
			);
			name = "[CP] Check Pods Manifest.lock";
			outputPaths = (
				"$(DERIVED_FILE_DIR)/Pods-MTG Card Price-checkManifestLockResult.txt",
			);
			runOnlyForDeploymentPostprocessing = 0;
			shellPath = /bin/sh;
			shellScript = "diff \"${PODS_ROOT}/../Podfile.lock\" \"${PODS_ROOT}/Manifest.lock\" > /dev/null\nif [ $? != 0 ] ; then\n    # print error to STDERR\n    echo \"error: The sandbox is not in sync with the Podfile.lock. Run 'pod install' or update your CocoaPods installation.\" >&2\n    exit 1\nfi\n";
			showEnvVarsInLog = 0;
		};
		A2F873CB30094508767D4A18 /* [CP] Copy Pods Resources */ = {
			isa = PBXShellScriptBuildPhase;
			buildActionMask = 2147483647;
			files = (
			);
			inputPaths = (
			);
			name = "[CP] Copy Pods Resources";
			outputPaths = (
			);
			runOnlyForDeploymentPostprocessing = 0;
			shellPath = /bin/sh;
			shellScript = "\"${SRCROOT}/Pods/Target Support Files/Pods-MTG Card Price/Pods-MTG Card Price-resources.sh\"\n";
			showEnvVarsInLog = 0;
		};
		C6AC18F6576B4254760328EC /* [CP] Embed Pods Frameworks */ = {
			isa = PBXShellScriptBuildPhase;
			buildActionMask = 2147483647;
			files = (
			);
			inputPaths = (
			);
			name = "[CP] Embed Pods Frameworks";
			outputPaths = (
			);
			runOnlyForDeploymentPostprocessing = 0;
			shellPath = /bin/sh;
			shellScript = "\"${SRCROOT}/Pods/Target Support Files/Pods-MTG Card PriceTests/Pods-MTG Card PriceTests-frameworks.sh\"\n";
			showEnvVarsInLog = 0;
		};
		DDCE5164287A3EEDB4B7D46F /* [CP] Embed Pods Frameworks */ = {
			isa = PBXShellScriptBuildPhase;
			buildActionMask = 2147483647;
			files = (
			);
			inputPaths = (
				"${SRCROOT}/Pods/Target Support Files/Pods-MTG Card Price/Pods-MTG Card Price-frameworks.sh",
				"${BUILT_PRODUCTS_DIR}/SwiftSoup/SwiftSoup.framework",
			);
			name = "[CP] Embed Pods Frameworks";
			outputPaths = (
				"${TARGET_BUILD_DIR}/${FRAMEWORKS_FOLDER_PATH}/SwiftSoup.framework",
			);
			runOnlyForDeploymentPostprocessing = 0;
			shellPath = /bin/sh;
			shellScript = "\"${SRCROOT}/Pods/Target Support Files/Pods-MTG Card Price/Pods-MTG Card Price-frameworks.sh\"\n";
			showEnvVarsInLog = 0;
		};
		E016821BE9879175152F54AB /* [CP] Check Pods Manifest.lock */ = {
			isa = PBXShellScriptBuildPhase;
			buildActionMask = 2147483647;
			files = (
			);
			inputPaths = (
				"${PODS_PODFILE_DIR_PATH}/Podfile.lock",
				"${PODS_ROOT}/Manifest.lock",
			);
			name = "[CP] Check Pods Manifest.lock";
			outputPaths = (
				"$(DERIVED_FILE_DIR)/Pods-MTG Card PriceTests-checkManifestLockResult.txt",
			);
			runOnlyForDeploymentPostprocessing = 0;
			shellPath = /bin/sh;
			shellScript = "diff \"${PODS_ROOT}/../Podfile.lock\" \"${PODS_ROOT}/Manifest.lock\" > /dev/null\nif [ $? != 0 ] ; then\n    # print error to STDERR\n    echo \"error: The sandbox is not in sync with the Podfile.lock. Run 'pod install' or update your CocoaPods installation.\" >&2\n    exit 1\nfi\n";
			showEnvVarsInLog = 0;
		};
/* End PBXShellScriptBuildPhase section */

/* Begin PBXSourcesBuildPhase section */
		4AF0469B2035E7CA0025513F /* Sources */ = {
			isa = PBXSourcesBuildPhase;
			buildActionMask = 2147483647;
			files = (
				4AF046C12035E8370025513F /* APIManager.swift in Sources */,
				4A17E9B720377F320076E129 /* Card.swift in Sources */,
				4AF046A52035E7CA0025513F /* ViewController.swift in Sources */,
				84BF08852042A28B008A0622 /* Error.swift in Sources */,
				4AF046A32035E7CA0025513F /* AppDelegate.swift in Sources */,
			);
			runOnlyForDeploymentPostprocessing = 0;
		};
		4AF046AD2035E7CA0025513F /* Sources */ = {
			isa = PBXSourcesBuildPhase;
			buildActionMask = 2147483647;
			files = (
				4AF046B62035E7CA0025513F /* MTG_Card_PriceTests.swift in Sources */,
			);
			runOnlyForDeploymentPostprocessing = 0;
		};
/* End PBXSourcesBuildPhase section */

/* Begin PBXTargetDependency section */
		4AF046B32035E7CA0025513F /* PBXTargetDependency */ = {
			isa = PBXTargetDependency;
			target = 4AF0469E2035E7CA0025513F /* MTG Card Price */;
			targetProxy = 4AF046B22035E7CA0025513F /* PBXContainerItemProxy */;
		};
/* End PBXTargetDependency section */

/* Begin PBXVariantGroup section */
		4AF046A82035E7CA0025513F /* Main.storyboard */ = {
			isa = PBXVariantGroup;
			children = (
				4AF046A92035E7CA0025513F /* Base */,
			);
			name = Main.storyboard;
			sourceTree = "<group>";
		};
/* End PBXVariantGroup section */

/* Begin XCBuildConfiguration section */
		4AF046B82035E7CA0025513F /* Debug */ = {
			isa = XCBuildConfiguration;
			buildSettings = {
				ALWAYS_SEARCH_USER_PATHS = NO;
				CLANG_ANALYZER_NONNULL = YES;
				CLANG_ANALYZER_NUMBER_OBJECT_CONVERSION = YES_AGGRESSIVE;
				CLANG_CXX_LANGUAGE_STANDARD = "gnu++14";
				CLANG_CXX_LIBRARY = "libc++";
				CLANG_ENABLE_MODULES = YES;
				CLANG_ENABLE_OBJC_ARC = YES;
				CLANG_WARN_BLOCK_CAPTURE_AUTORELEASING = YES;
				CLANG_WARN_BOOL_CONVERSION = YES;
				CLANG_WARN_COMMA = YES;
				CLANG_WARN_CONSTANT_CONVERSION = YES;
				CLANG_WARN_DIRECT_OBJC_ISA_USAGE = YES_ERROR;
				CLANG_WARN_DOCUMENTATION_COMMENTS = YES;
				CLANG_WARN_EMPTY_BODY = YES;
				CLANG_WARN_ENUM_CONVERSION = YES;
				CLANG_WARN_INFINITE_RECURSION = YES;
				CLANG_WARN_INT_CONVERSION = YES;
				CLANG_WARN_NON_LITERAL_NULL_CONVERSION = YES;
				CLANG_WARN_OBJC_LITERAL_CONVERSION = YES;
				CLANG_WARN_OBJC_ROOT_CLASS = YES_ERROR;
				CLANG_WARN_RANGE_LOOP_ANALYSIS = YES;
				CLANG_WARN_STRICT_PROTOTYPES = YES;
				CLANG_WARN_SUSPICIOUS_MOVE = YES;
				CLANG_WARN_UNGUARDED_AVAILABILITY = YES_AGGRESSIVE;
				CLANG_WARN_UNREACHABLE_CODE = YES;
				CLANG_WARN__DUPLICATE_METHOD_MATCH = YES;
				CODE_SIGN_IDENTITY = "Mac Developer";
				COPY_PHASE_STRIP = NO;
				DEBUG_INFORMATION_FORMAT = dwarf;
				ENABLE_STRICT_OBJC_MSGSEND = YES;
				ENABLE_TESTABILITY = YES;
				GCC_C_LANGUAGE_STANDARD = gnu11;
				GCC_DYNAMIC_NO_PIC = NO;
				GCC_NO_COMMON_BLOCKS = YES;
				GCC_OPTIMIZATION_LEVEL = 0;
				GCC_PREPROCESSOR_DEFINITIONS = (
					"DEBUG=1",
					"$(inherited)",
				);
				GCC_WARN_64_TO_32_BIT_CONVERSION = YES;
				GCC_WARN_ABOUT_RETURN_TYPE = YES_ERROR;
				GCC_WARN_UNDECLARED_SELECTOR = YES;
				GCC_WARN_UNINITIALIZED_AUTOS = YES_AGGRESSIVE;
				GCC_WARN_UNUSED_FUNCTION = YES;
				GCC_WARN_UNUSED_VARIABLE = YES;
				MACOSX_DEPLOYMENT_TARGET = 10.13;
				MTL_ENABLE_DEBUG_INFO = YES;
				ONLY_ACTIVE_ARCH = YES;
				SDKROOT = macosx;
				SWIFT_ACTIVE_COMPILATION_CONDITIONS = DEBUG;
				SWIFT_OPTIMIZATION_LEVEL = "-Onone";
			};
			name = Debug;
		};
		4AF046B92035E7CA0025513F /* Release */ = {
			isa = XCBuildConfiguration;
			buildSettings = {
				ALWAYS_SEARCH_USER_PATHS = NO;
				CLANG_ANALYZER_NONNULL = YES;
				CLANG_ANALYZER_NUMBER_OBJECT_CONVERSION = YES_AGGRESSIVE;
				CLANG_CXX_LANGUAGE_STANDARD = "gnu++14";
				CLANG_CXX_LIBRARY = "libc++";
				CLANG_ENABLE_MODULES = YES;
				CLANG_ENABLE_OBJC_ARC = YES;
				CLANG_WARN_BLOCK_CAPTURE_AUTORELEASING = YES;
				CLANG_WARN_BOOL_CONVERSION = YES;
				CLANG_WARN_COMMA = YES;
				CLANG_WARN_CONSTANT_CONVERSION = YES;
				CLANG_WARN_DIRECT_OBJC_ISA_USAGE = YES_ERROR;
				CLANG_WARN_DOCUMENTATION_COMMENTS = YES;
				CLANG_WARN_EMPTY_BODY = YES;
				CLANG_WARN_ENUM_CONVERSION = YES;
				CLANG_WARN_INFINITE_RECURSION = YES;
				CLANG_WARN_INT_CONVERSION = YES;
				CLANG_WARN_NON_LITERAL_NULL_CONVERSION = YES;
				CLANG_WARN_OBJC_LITERAL_CONVERSION = YES;
				CLANG_WARN_OBJC_ROOT_CLASS = YES_ERROR;
				CLANG_WARN_RANGE_LOOP_ANALYSIS = YES;
				CLANG_WARN_STRICT_PROTOTYPES = YES;
				CLANG_WARN_SUSPICIOUS_MOVE = YES;
				CLANG_WARN_UNGUARDED_AVAILABILITY = YES_AGGRESSIVE;
				CLANG_WARN_UNREACHABLE_CODE = YES;
				CLANG_WARN__DUPLICATE_METHOD_MATCH = YES;
				CODE_SIGN_IDENTITY = "Mac Developer";
				COPY_PHASE_STRIP = NO;
				DEBUG_INFORMATION_FORMAT = "dwarf-with-dsym";
				ENABLE_NS_ASSERTIONS = NO;
				ENABLE_STRICT_OBJC_MSGSEND = YES;
				GCC_C_LANGUAGE_STANDARD = gnu11;
				GCC_NO_COMMON_BLOCKS = YES;
				GCC_WARN_64_TO_32_BIT_CONVERSION = YES;
				GCC_WARN_ABOUT_RETURN_TYPE = YES_ERROR;
				GCC_WARN_UNDECLARED_SELECTOR = YES;
				GCC_WARN_UNINITIALIZED_AUTOS = YES_AGGRESSIVE;
				GCC_WARN_UNUSED_FUNCTION = YES;
				GCC_WARN_UNUSED_VARIABLE = YES;
				MACOSX_DEPLOYMENT_TARGET = 10.13;
				MTL_ENABLE_DEBUG_INFO = NO;
				SDKROOT = macosx;
				SWIFT_OPTIMIZATION_LEVEL = "-Owholemodule";
			};
			name = Release;
		};
		4AF046BB2035E7CA0025513F /* Debug */ = {
			isa = XCBuildConfiguration;
			baseConfigurationReference = 3DC98BC6CAAE05E622FE8397 /* Pods-MTG Card Price.debug.xcconfig */;
			buildSettings = {
				ASSETCATALOG_COMPILER_APPICON_NAME = AppIcon;
				CODE_SIGN_ENTITLEMENTS = "MTG Card Price/Supporting Files/MTG Card Price.entitlements";
				CODE_SIGN_IDENTITY = "Mac Developer";
				CODE_SIGN_STYLE = Automatic;
				COMBINE_HIDPI_IMAGES = YES;
				DEVELOPMENT_TEAM = Y3RCB36D2R;
				INFOPLIST_FILE = "$(SRCROOT)/MTG Card Price/Supporting Files/Info.plist";
				LD_RUNPATH_SEARCH_PATHS = "$(inherited) @executable_path/../Frameworks";
				PRODUCT_BUNDLE_IDENTIFIER = "com.roudique.MTG-Card-Price";
				PRODUCT_NAME = "$(TARGET_NAME)";
				PROVISIONING_PROFILE_SPECIFIER = "";
				SWIFT_VERSION = 4.0;
			};
			name = Debug;
		};
		4AF046BC2035E7CA0025513F /* Release */ = {
			isa = XCBuildConfiguration;
			baseConfigurationReference = 1F273D5C2530611372FDBD73 /* Pods-MTG Card Price.release.xcconfig */;
			buildSettings = {
				ASSETCATALOG_COMPILER_APPICON_NAME = AppIcon;
				CODE_SIGN_ENTITLEMENTS = "MTG Card Price/Supporting Files/MTG Card Price.entitlements";
				CODE_SIGN_IDENTITY = "Mac Developer";
				CODE_SIGN_STYLE = Automatic;
				COMBINE_HIDPI_IMAGES = YES;
				DEVELOPMENT_TEAM = Y3RCB36D2R;
				INFOPLIST_FILE = "$(SRCROOT)/MTG Card Price/Supporting Files/Info.plist";
				LD_RUNPATH_SEARCH_PATHS = "$(inherited) @executable_path/../Frameworks";
				PRODUCT_BUNDLE_IDENTIFIER = "com.roudique.MTG-Card-Price";
				PRODUCT_NAME = "$(TARGET_NAME)";
				PROVISIONING_PROFILE_SPECIFIER = "";
				SWIFT_VERSION = 4.0;
			};
			name = Release;
		};
		4AF046BE2035E7CA0025513F /* Debug */ = {
			isa = XCBuildConfiguration;
			baseConfigurationReference = 435337F313C4D12FE3ED2FDA /* Pods-MTG Card PriceTests.debug.xcconfig */;
			buildSettings = {
				ALWAYS_EMBED_SWIFT_STANDARD_LIBRARIES = YES;
				BUNDLE_LOADER = "$(TEST_HOST)";
				CODE_SIGN_STYLE = Automatic;
				COMBINE_HIDPI_IMAGES = YES;
				DEVELOPMENT_TEAM = Y3RCB36D2R;
				INFOPLIST_FILE = "MTG Card PriceTests/Info.plist";
				LD_RUNPATH_SEARCH_PATHS = "$(inherited) @executable_path/../Frameworks @loader_path/../Frameworks";
				PRODUCT_BUNDLE_IDENTIFIER = "com.roudique.MTG-Card-PriceTests";
				PRODUCT_NAME = "$(TARGET_NAME)";
				SWIFT_VERSION = 4.0;
				TEST_HOST = "$(BUILT_PRODUCTS_DIR)/MTG Card Price.app/Contents/MacOS/MTG Card Price";
			};
			name = Debug;
		};
		4AF046BF2035E7CA0025513F /* Release */ = {
			isa = XCBuildConfiguration;
			baseConfigurationReference = B407E03B896BF5BFC4663183 /* Pods-MTG Card PriceTests.release.xcconfig */;
			buildSettings = {
				ALWAYS_EMBED_SWIFT_STANDARD_LIBRARIES = YES;
				BUNDLE_LOADER = "$(TEST_HOST)";
				CODE_SIGN_STYLE = Automatic;
				COMBINE_HIDPI_IMAGES = YES;
				DEVELOPMENT_TEAM = Y3RCB36D2R;
				INFOPLIST_FILE = "MTG Card PriceTests/Info.plist";
				LD_RUNPATH_SEARCH_PATHS = "$(inherited) @executable_path/../Frameworks @loader_path/../Frameworks";
				PRODUCT_BUNDLE_IDENTIFIER = "com.roudique.MTG-Card-PriceTests";
				PRODUCT_NAME = "$(TARGET_NAME)";
				SWIFT_VERSION = 4.0;
				TEST_HOST = "$(BUILT_PRODUCTS_DIR)/MTG Card Price.app/Contents/MacOS/MTG Card Price";
			};
			name = Release;
		};
/* End XCBuildConfiguration section */

/* Begin XCConfigurationList section */
		4AF0469A2035E7CA0025513F /* Build configuration list for PBXProject "MTG Card Price" */ = {
			isa = XCConfigurationList;
			buildConfigurations = (
				4AF046B82035E7CA0025513F /* Debug */,
				4AF046B92035E7CA0025513F /* Release */,
			);
			defaultConfigurationIsVisible = 0;
			defaultConfigurationName = Release;
		};
		4AF046BA2035E7CA0025513F /* Build configuration list for PBXNativeTarget "MTG Card Price" */ = {
			isa = XCConfigurationList;
			buildConfigurations = (
				4AF046BB2035E7CA0025513F /* Debug */,
				4AF046BC2035E7CA0025513F /* Release */,
			);
			defaultConfigurationIsVisible = 0;
			defaultConfigurationName = Release;
		};
		4AF046BD2035E7CA0025513F /* Build configuration list for PBXNativeTarget "MTG Card PriceTests" */ = {
			isa = XCConfigurationList;
			buildConfigurations = (
				4AF046BE2035E7CA0025513F /* Debug */,
				4AF046BF2035E7CA0025513F /* Release */,
			);
			defaultConfigurationIsVisible = 0;
			defaultConfigurationName = Release;
		};
/* End XCConfigurationList section */
	};
	rootObject = 4AF046972035E7CA0025513F /* Project object */;
}
